{
  "name": "tests-agent-standalone-script",
  "version": "1.0.0",
  "lockfileVersion": 2,
  "requires": true,
  "packages": {
    "": {
      "name": "tests-agent-standalone-script",
      "version": "1.0.0",
      "license": "ISC",
      "dependencies": {
        "node-fetch": "^2.5.0"
      },
      "devDependencies": {
        "@types/node-fetch": "^2.5.3"
      }
    },
    "node_modules/@types/node": {
      "version": "16.9.4",
      "resolved": "https://registry.npmjs.org/@types/node/-/node-16.9.4.tgz",
      "integrity": "sha512-KDazLNYAGIuJugdbULwFZULF9qQ13yNWEBFnfVpqlpgAAo6H/qnM9RjBgh0A0kmHf3XxAKLdN5mTIng9iUvVLA==",
      "dev": true
    },
    "node_modules/@types/node-fetch": {
      "version": "2.5.3",
      "resolved": "https://registry.npmjs.org/@types/node-fetch/-/node-fetch-2.5.3.tgz",
      "integrity": "sha512-X3TNlzZ7SuSwZsMkb5fV7GrPbVKvHc2iwHmslb8bIxRKWg2iqkfm3F/Wd79RhDpOXR7wCtKAwc5Y2JE6n/ibyw==",
      "dev": true,
      "dependencies": {
        "@types/node": "*"
      }
    },
    "node_modules/node-fetch": {
      "version": "2.5.0",
      "resolved": "https://registry.npmjs.org/node-fetch/-/node-fetch-2.5.0.tgz",
      "integrity": "sha512-YuZKluhWGJwCcUu4RlZstdAxr8bFfOVHakc1mplwHkk8J+tqM1Y5yraYvIUpeX8aY7+crCwiELJq7Vl0o0LWXw==",
      "engines": {
        "node": "4.x || >=6.0.0"
      }
    }
  },
  "dependencies": {
    "@types/node": {
      "version": "16.9.4",
      "resolved": "https://registry.npmjs.org/@types/node/-/node-16.9.4.tgz",
      "integrity": "sha512-KDazLNYAGIuJugdbULwFZULF9qQ13yNWEBFnfVpqlpgAAo6H/qnM9RjBgh0A0kmHf3XxAKLdN5mTIng9iUvVLA==",
      "dev": true
    },
    "@types/node-fetch": {
      "version": "2.5.3",
      "resolved": "https://registry.npmjs.org/@types/node-fetch/-/node-fetch-2.5.3.tgz",
      "integrity": "sha512-X3TNlzZ7SuSwZsMkb5fV7GrPbVKvHc2iwHmslb8bIxRKWg2iqkfm3F/Wd79RhDpOXR7wCtKAwc5Y2JE6n/ibyw==",
      "dev": true,
      "requires": {
        "@types/node": "*"
      }
    },
    "node-fetch": {
      "version": "2.5.0",
      "resolved": "https://registry.npmjs.org/node-fetch/-/node-fetch-2.5.0.tgz",
      "integrity": "sha512-YuZKluhWGJwCcUu4RlZstdAxr8bFfOVHakc1mplwHkk8J+tqM1Y5yraYvIUpeX8aY7+crCwiELJq7Vl0o0LWXw=="
    }
  }
}
